
Microsoft Visual Studio Solution File, Format Version 12.00
# Visual Studio Version 16
VisualStudioVersion = 16.0.29411.108
MinimumVisualStudioVersion = 10.0.40219.1
Project("{FAE04EC0-301F-11D3-BF4B-00C04F79EFBC}") = "MvcBasicApp", "MvcBasicApp\MvcBasicApp.csproj", "{A0E7782D-5C2B-472B-A7FF-F6B916686E8C}"
EndProject
Global
	GlobalSection(SolutionConfigurationPlatforms) = preSolution
		Debug|Any CPU = Debug|Any CPU
		Release|Any CPU = Release|Any CPU
	EndGlobalSection
	GlobalSection(ProjectConfigurationPlatforms) = postSolution
		{A0E7782D-5C2B-472B-A7FF-F6B916686E8C}.Debug|Any CPU.ActiveCfg = Debug|Any CPU
		{A0E7782D-5C2B-472B-A7FF-F6B916686E8C}.Debug|Any CPU.Build.0 = Debug|Any CPU
		{A0E7782D-5C2B-472B-A7FF-F6B916686E8C}.Release|Any CPU.ActiveCfg = Release|Any CPU
		{A0E7782D-5C2B-472B-A7FF-F6B916686E8C}.Release|Any CPU.Build.0 = Release|Any CPU
	EndGlobalSection
	GlobalSection(SolutionProperties) = preSolution
		HideSolutionNode = FALSE
	EndGlobalSection
	GlobalSection(ExtensibilityGlobals) = postSolution
		SolutionGuid = {61281B9B-CF35-4EAF-8E88-AE3DEFCE2FEA}
	EndGlobalSection
EndGlobal
