
Microsoft Visual Studio Solution File, Format Version 12.00
# Visual Studio Version 16
VisualStudioVersion = 16.0.29411.108
MinimumVisualStudioVersion = 10.0.40219.1
Project("{FAE04EC0-301F-11D3-BF4B-00C04F79EFBC}") = "DevIO.ModelApp", "src\DevIO.ModelApp\DevIO.ModelApp.csproj", "{67CFAE7E-8FE6-4414-B816-C114D5D1CB01}"
EndProject
Global
	GlobalSection(SolutionConfigurationPlatforms) = preSolution
		Debug|Any CPU = Debug|Any CPU
		Release|Any CPU = Release|Any CPU
	EndGlobalSection
	GlobalSection(ProjectConfigurationPlatforms) = postSolution
		{67CFAE7E-8FE6-4414-B816-C114D5D1CB01}.Debug|Any CPU.ActiveCfg = Debug|Any CPU
		{67CFAE7E-8FE6-4414-B816-C114D5D1CB01}.Debug|Any CPU.Build.0 = Debug|Any CPU
		{67CFAE7E-8FE6-4414-B816-C114D5D1CB01}.Release|Any CPU.ActiveCfg = Release|Any CPU
		{67CFAE7E-8FE6-4414-B816-C114D5D1CB01}.Release|Any CPU.Build.0 = Release|Any CPU
	EndGlobalSection
	GlobalSection(SolutionProperties) = preSolution
		HideSolutionNode = FALSE
	EndGlobalSection
	GlobalSection(ExtensibilityGlobals) = postSolution
		SolutionGuid = {AD971202-D70D-42C9-99BC-4F2B019646AA}
	EndGlobalSection
EndGlobal
